
Microsoft Visual Studio Solution File, Format Version 12.00
# Visual Studio 2012
Project("{f2a71f9b-5d33-465a-a702-920d77279786}") = "ChatService", "ChatService.fsproj", "{BC6ABEA8-FFB6-41FC-8EBC-A281AD662E01}"
EndProject
Global
	GlobalSection(SolutionConfigurationPlatforms) = preSolution
		Debug|Any CPU = Debug|Any CPU
		Release|Any CPU = Release|Any CPU
	EndGlobalSection
	GlobalSection(ProjectConfigurationPlatforms) = postSolution
		{BC6ABEA8-FFB6-41FC-8EBC-A281AD662E01}.Debug|Any CPU.ActiveCfg = Debug|Any CPU
		{BC6ABEA8-FFB6-41FC-8EBC-A281AD662E01}.Debug|Any CPU.Build.0 = Debug|Any CPU
		{BC6ABEA8-FFB6-41FC-8EBC-A281AD662E01}.Release|Any CPU.ActiveCfg = Release|Any CPU
		{BC6ABEA8-FFB6-41FC-8EBC-A281AD662E01}.Release|Any CPU.Build.0 = Release|Any CPU
	EndGlobalSection
EndGlobal
